<?xml version="1.0" encoding="UTF-8"?>
<!DOCTYPE plist PUBLIC "-//Apple//DTD PLIST 1.0//EN" "http://www.apple.com/DTDs/PropertyList-1.0.dtd">
<plist version="1.0">
<dict>
	<key>archiveVersion</key>
	<string>1</string>
	<key>classes</key>
	<dict/>
	<key>objectVersion</key>
	<string>46</string>
	<key>objects</key>
	<dict>
		<key>1B33C127B9A847A2A5D05F87</key>
		<dict>
			<key>isa</key>
			<string>PBXFileReference</string>
			<key>lastKnownFileType</key>
			<string>wrapper.framework</string>
			<key>name</key>
			<string>SystemConfiguration.framework</string>
			<key>path</key>
			<string>Platforms/iPhoneOS.platform/Developer/SDKs/iPhoneOS7.0.sdk/System/Library/Frameworks/SystemConfiguration.framework</string>
			<key>sourceTree</key>
			<string>DEVELOPER_DIR</string>
		</dict>
		<key>1F0ED1DBCC4C4911872A8D8B</key>
		<dict>
			<key>fileRef</key>
			<string>F963F33E42F94C18B47B079E</string>
			<key>isa</key>
			<string>PBXBuildFile</string>
		</dict>
		<key>2A805804647541D6A716A9BF</key>
		<dict>
			<key>fileRef</key>
			<string>C67DEFAAC57744A89AB9B3A4</string>
			<key>isa</key>
			<string>PBXBuildFile</string>
		</dict>
		<key>4DEF22977F97421999154416</key>
		<dict>
			<key>isa</key>
			<string>PBXFileReference</string>
			<key>lastKnownFileType</key>
			<string>wrapper.framework</string>
			<key>name</key>
			<string>GrowthPush.framework</string>
			<key>path</key>
			<string>/Users/kataoka/workspace/growthpush-ios-demo/GrowthPush.framework</string>
			<key>sourceTree</key>
			<string>SOURCE_ROOT</string>
		</dict>
		<key>743954C04BA44F2A82626C88</key>
		<dict>
			<key>fileRef</key>
			<string>1B33C127B9A847A2A5D05F87</string>
			<key>isa</key>
			<string>PBXBuildFile</string>
		</dict>
		<key>869B0197494941C09CEEF1E3</key>
		<dict>
			<key>fileRef</key>
			<string>4DEF22977F97421999154416</string>
			<key>isa</key>
			<string>PBXBuildFile</string>
		</dict>
		<key>B2A833B51815728900A92DE7</key>
		<dict>
			<key>children</key>
			<array>
				<string>B2A833C71815728A00A92DE7</string>
				<string>B2A833E61815728A00A92DE7</string>
				<string>B2A833C01815728A00A92DE7</string>
				<string>B2A833BF1815728A00A92DE7</string>
			</array>
			<key>isa</key>
			<string>PBXGroup</string>
			<key>sourceTree</key>
			<string>&lt;group&gt;</string>
		</dict>
		<key>B2A833B61815728900A92DE7</key>
		<dict>
			<key>attributes</key>
			<dict>
				<key>LastUpgradeCheck</key>
				<string>0500</string>
				<key>ORGANIZATIONNAME</key>
				<string>Naoyuki Kataoka</string>
				<key>TargetAttributes</key>
				<dict>
					<key>B2A833DE1815728A00A92DE7</key>
					<dict>
						<key>TestTargetID</key>
						<string>B2A833BD1815728900A92DE7</string>
					</dict>
				</dict>
			</dict>
			<key>buildConfigurationList</key>
			<string>B2A833B91815728900A92DE7</string>
			<key>compatibilityVersion</key>
			<string>Xcode 3.2</string>
			<key>developmentRegion</key>
			<string>English</string>
			<key>hasScannedForEncodings</key>
			<string>0</string>
			<key>isa</key>
			<string>PBXProject</string>
			<key>knownRegions</key>
			<array>
				<string>en</string>
				<string>Base</string>
			</array>
			<key>mainGroup</key>
			<string>B2A833B51815728900A92DE7</string>
			<key>productRefGroup</key>
			<string>B2A833BF1815728A00A92DE7</string>
			<key>projectDirPath</key>
			<string></string>
			<key>projectReferences</key>
			<array/>
			<key>projectRoot</key>
			<string></string>
			<key>targets</key>
			<array>
				<string>B2A833BD1815728900A92DE7</string>
				<string>B2A833DE1815728A00A92DE7</string>
			</array>
		</dict>
		<key>B2A833B91815728900A92DE7</key>
		<dict>
			<key>buildConfigurations</key>
			<array>
				<string>B2A833EE1815728A00A92DE7</string>
				<string>B2A833EF1815728A00A92DE7</string>
			</array>
			<key>defaultConfigurationIsVisible</key>
			<string>0</string>
			<key>defaultConfigurationName</key>
			<string>Release</string>
			<key>isa</key>
			<string>XCConfigurationList</string>
		</dict>
		<key>B2A833BA1815728900A92DE7</key>
		<dict>
			<key>buildActionMask</key>
			<string>2147483647</string>
			<key>files</key>
			<array>
				<string>B2A833D81815728A00A92DE7</string>
				<string>B2A833D21815728A00A92DE7</string>
				<string>B2A833CE1815728A00A92DE7</string>
			</array>
			<key>isa</key>
			<string>PBXSourcesBuildPhase</string>
			<key>runOnlyForDeploymentPostprocessing</key>
			<string>0</string>
		</dict>
		<key>B2A833BB1815728900A92DE7</key>
		<dict>
			<key>buildActionMask</key>
			<string>2147483647</string>
			<key>files</key>
			<array>
				<string>B2A833C41815728A00A92DE7</string>
				<string>B2A833C61815728A00A92DE7</string>
				<string>B2A833C21815728A00A92DE7</string>
				<string>869B0197494941C09CEEF1E3</string>
				<string>1F0ED1DBCC4C4911872A8D8B</string>
				<string>743954C04BA44F2A82626C88</string>
				<string>2A805804647541D6A716A9BF</string>
			</array>
			<key>isa</key>
			<string>PBXFrameworksBuildPhase</string>
			<key>runOnlyForDeploymentPostprocessing</key>
			<string>0</string>
		</dict>
		<key>B2A833BC1815728900A92DE7</key>
		<dict>
			<key>buildActionMask</key>
			<string>2147483647</string>
			<key>files</key>
			<array>
				<string>B2A833DA1815728A00A92DE7</string>
				<string>B2A833CC1815728A00A92DE7</string>
				<string>B2A833D51815728A00A92DE7</string>
			</array>
			<key>isa</key>
			<string>PBXResourcesBuildPhase</string>
			<key>runOnlyForDeploymentPostprocessing</key>
			<string>0</string>
		</dict>
		<key>B2A833BD1815728900A92DE7</key>
		<dict>
			<key>buildConfigurationList</key>
			<string>B2A833F01815728A00A92DE7</string>
			<key>buildPhases</key>
			<array>
				<string>B2A833BA1815728900A92DE7</string>
				<string>B2A833BB1815728900A92DE7</string>
				<string>B2A833BC1815728900A92DE7</string>
			</array>
			<key>buildRules</key>
			<array/>
			<key>dependencies</key>
			<array/>
			<key>isa</key>
			<string>PBXNativeTarget</string>
			<key>name</key>
			<string>GrowthPushDemo</string>
			<key>productName</key>
			<string>GrowthPushDemo</string>
			<key>productReference</key>
			<string>B2A833BE1815728A00A92DE7</string>
			<key>productType</key>
			<string>com.apple.product-type.application</string>
		</dict>
		<key>B2A833BE1815728A00A92DE7</key>
		<dict>
			<key>explicitFileType</key>
			<string>wrapper.application</string>
			<key>includeInIndex</key>
			<string>0</string>
			<key>isa</key>
			<string>PBXFileReference</string>
			<key>path</key>
			<string>GrowthPushDemo.app</string>
			<key>sourceTree</key>
			<string>BUILT_PRODUCTS_DIR</string>
		</dict>
		<key>B2A833BF1815728A00A92DE7</key>
		<dict>
			<key>children</key>
			<array>
				<string>B2A833BE1815728A00A92DE7</string>
				<string>B2A833DF1815728A00A92DE7</string>
			</array>
			<key>isa</key>
			<string>PBXGroup</string>
			<key>name</key>
			<string>Products</string>
			<key>sourceTree</key>
			<string>&lt;group&gt;</string>
		</dict>
		<key>B2A833C01815728A00A92DE7</key>
		<dict>
			<key>children</key>
			<array>
				<string>B2A833C11815728A00A92DE7</string>
				<string>B2A833C31815728A00A92DE7</string>
				<string>B2A833C51815728A00A92DE7</string>
				<string>B2A833E01815728A00A92DE7</string>
				<string>4DEF22977F97421999154416</string>
				<string>F963F33E42F94C18B47B079E</string>
				<string>1B33C127B9A847A2A5D05F87</string>
				<string>C67DEFAAC57744A89AB9B3A4</string>
			</array>
			<key>isa</key>
			<string>PBXGroup</string>
			<key>name</key>
			<string>Frameworks</string>
			<key>sourceTree</key>
			<string>&lt;group&gt;</string>
		</dict>
		<key>B2A833C11815728A00A92DE7</key>
		<dict>
			<key>isa</key>
			<string>PBXFileReference</string>
			<key>lastKnownFileType</key>
			<string>wrapper.framework</string>
			<key>name</key>
			<string>Foundation.framework</string>
			<key>path</key>
			<string>System/Library/Frameworks/Foundation.framework</string>
			<key>sourceTree</key>
			<string>SDKROOT</string>
		</dict>
		<key>B2A833C21815728A00A92DE7</key>
		<dict>
			<key>fileRef</key>
			<string>B2A833C11815728A00A92DE7</string>
			<key>isa</key>
			<string>PBXBuildFile</string>
		</dict>
		<key>B2A833C31815728A00A92DE7</key>
		<dict>
			<key>isa</key>
			<string>PBXFileReference</string>
			<key>lastKnownFileType</key>
			<string>wrapper.framework</string>
			<key>name</key>
			<string>CoreGraphics.framework</string>
			<key>path</key>
			<string>System/Library/Frameworks/CoreGraphics.framework</string>
			<key>sourceTree</key>
			<string>SDKROOT</string>
		</dict>
		<key>B2A833C41815728A00A92DE7</key>
		<dict>
			<key>fileRef</key>
			<string>B2A833C31815728A00A92DE7</string>
			<key>isa</key>
			<string>PBXBuildFile</string>
		</dict>
		<key>B2A833C51815728A00A92DE7</key>
		<dict>
			<key>isa</key>
			<string>PBXFileReference</string>
			<key>lastKnownFileType</key>
			<string>wrapper.framework</string>
			<key>name</key>
			<string>UIKit.framework</string>
			<key>path</key>
			<string>System/Library/Frameworks/UIKit.framework</string>
			<key>sourceTree</key>
			<string>SDKROOT</string>
		</dict>
		<key>B2A833C61815728A00A92DE7</key>
		<dict>
			<key>fileRef</key>
			<string>B2A833C51815728A00A92DE7</string>
			<key>isa</key>
			<string>PBXBuildFile</string>
		</dict>
		<key>B2A833C71815728A00A92DE7</key>
		<dict>
			<key>children</key>
			<array>
				<string>B2A833D01815728A00A92DE7</string>
				<string>B2A833D11815728A00A92DE7</string>
				<string>B2A833D31815728A00A92DE7</string>
				<string>B2A833D61815728A00A92DE7</string>
				<string>B2A833D71815728A00A92DE7</string>
				<string>B2A833D91815728A00A92DE7</string>
				<string>B2A833C81815728A00A92DE7</string>
			</array>
			<key>isa</key>
			<string>PBXGroup</string>
			<key>path</key>
			<string>GrowthPushDemo</string>
			<key>sourceTree</key>
			<string>&lt;group&gt;</string>
		</dict>
		<key>B2A833C81815728A00A92DE7</key>
		<dict>
			<key>children</key>
			<array>
				<string>B2A833C91815728A00A92DE7</string>
				<string>B2A833CA1815728A00A92DE7</string>
				<string>B2A833CD1815728A00A92DE7</string>
				<string>B2A833CF1815728A00A92DE7</string>
			</array>
			<key>isa</key>
			<string>PBXGroup</string>
			<key>name</key>
			<string>Supporting Files</string>
			<key>sourceTree</key>
			<string>&lt;group&gt;</string>
		</dict>
		<key>B2A833C91815728A00A92DE7</key>
		<dict>
			<key>isa</key>
			<string>PBXFileReference</string>
			<key>lastKnownFileType</key>
			<string>text.plist.xml</string>
			<key>path</key>
			<string>GrowthPushDemo-Info.plist</string>
			<key>sourceTree</key>
			<string>&lt;group&gt;</string>
		</dict>
		<key>B2A833CA1815728A00A92DE7</key>
		<dict>
			<key>children</key>
			<array>
				<string>B2A833CB1815728A00A92DE7</string>
			</array>
			<key>isa</key>
			<string>PBXVariantGroup</string>
			<key>name</key>
			<string>InfoPlist.strings</string>
			<key>sourceTree</key>
			<string>&lt;group&gt;</string>
		</dict>
		<key>B2A833CB1815728A00A92DE7</key>
		<dict>
			<key>isa</key>
			<string>PBXFileReference</string>
			<key>lastKnownFileType</key>
			<string>text.plist.strings</string>
			<key>name</key>
			<string>en</string>
			<key>path</key>
			<string>en.lproj/InfoPlist.strings</string>
			<key>sourceTree</key>
			<string>&lt;group&gt;</string>
		</dict>
		<key>B2A833CC1815728A00A92DE7</key>
		<dict>
			<key>fileRef</key>
			<string>B2A833CA1815728A00A92DE7</string>
			<key>isa</key>
			<string>PBXBuildFile</string>
		</dict>
		<key>B2A833CD1815728A00A92DE7</key>
		<dict>
			<key>isa</key>
			<string>PBXFileReference</string>
			<key>lastKnownFileType</key>
			<string>sourcecode.c.objc</string>
			<key>path</key>
			<string>main.m</string>
			<key>sourceTree</key>
			<string>&lt;group&gt;</string>
		</dict>
		<key>B2A833CE1815728A00A92DE7</key>
		<dict>
			<key>fileRef</key>
			<string>B2A833CD1815728A00A92DE7</string>
			<key>isa</key>
			<string>PBXBuildFile</string>
		</dict>
		<key>B2A833CF1815728A00A92DE7</key>
		<dict>
			<key>isa</key>
			<string>PBXFileReference</string>
			<key>lastKnownFileType</key>
			<string>sourcecode.c.h</string>
			<key>path</key>
			<string>GrowthPushDemo-Prefix.pch</string>
			<key>sourceTree</key>
			<string>&lt;group&gt;</string>
		</dict>
		<key>B2A833D01815728A00A92DE7</key>
		<dict>
			<key>isa</key>
			<string>PBXFileReference</string>
			<key>lastKnownFileType</key>
			<string>sourcecode.c.h</string>
			<key>path</key>
			<string>AppDelegate.h</string>
			<key>sourceTree</key>
			<string>&lt;group&gt;</string>
		</dict>
		<key>B2A833D11815728A00A92DE7</key>
		<dict>
			<key>isa</key>
			<string>PBXFileReference</string>
			<key>lastKnownFileType</key>
			<string>sourcecode.c.objc</string>
			<key>path</key>
			<string>AppDelegate.m</string>
			<key>sourceTree</key>
			<string>&lt;group&gt;</string>
		</dict>
		<key>B2A833D21815728A00A92DE7</key>
		<dict>
			<key>fileRef</key>
			<string>B2A833D11815728A00A92DE7</string>
			<key>isa</key>
			<string>PBXBuildFile</string>
		</dict>
		<key>B2A833D31815728A00A92DE7</key>
		<dict>
			<key>children</key>
			<array>
				<string>B2A833D41815728A00A92DE7</string>
			</array>
			<key>isa</key>
			<string>PBXVariantGroup</string>
			<key>name</key>
			<string>Main.storyboard</string>
			<key>sourceTree</key>
			<string>&lt;group&gt;</string>
		</dict>
		<key>B2A833D41815728A00A92DE7</key>
		<dict>
			<key>isa</key>
			<string>PBXFileReference</string>
			<key>lastKnownFileType</key>
			<string>file.storyboard</string>
			<key>name</key>
			<string>Base</string>
			<key>path</key>
			<string>Base.lproj/Main.storyboard</string>
			<key>sourceTree</key>
			<string>&lt;group&gt;</string>
		</dict>
		<key>B2A833D51815728A00A92DE7</key>
		<dict>
			<key>fileRef</key>
			<string>B2A833D31815728A00A92DE7</string>
			<key>isa</key>
			<string>PBXBuildFile</string>
		</dict>
		<key>B2A833D61815728A00A92DE7</key>
		<dict>
			<key>isa</key>
			<string>PBXFileReference</string>
			<key>lastKnownFileType</key>
			<string>sourcecode.c.h</string>
			<key>path</key>
			<string>ViewController.h</string>
			<key>sourceTree</key>
			<string>&lt;group&gt;</string>
		</dict>
		<key>B2A833D71815728A00A92DE7</key>
		<dict>
			<key>isa</key>
			<string>PBXFileReference</string>
			<key>lastKnownFileType</key>
			<string>sourcecode.c.objc</string>
			<key>path</key>
			<string>ViewController.m</string>
			<key>sourceTree</key>
			<string>&lt;group&gt;</string>
		</dict>
		<key>B2A833D81815728A00A92DE7</key>
		<dict>
			<key>fileRef</key>
			<string>B2A833D71815728A00A92DE7</string>
			<key>isa</key>
			<string>PBXBuildFile</string>
		</dict>
		<key>B2A833D91815728A00A92DE7</key>
		<dict>
			<key>isa</key>
			<string>PBXFileReference</string>
			<key>lastKnownFileType</key>
			<string>folder.assetcatalog</string>
			<key>path</key>
			<string>Images.xcassets</string>
			<key>sourceTree</key>
			<string>&lt;group&gt;</string>
		</dict>
		<key>B2A833DA1815728A00A92DE7</key>
		<dict>
			<key>fileRef</key>
			<string>B2A833D91815728A00A92DE7</string>
			<key>isa</key>
			<string>PBXBuildFile</string>
		</dict>
		<key>B2A833DB1815728A00A92DE7</key>
		<dict>
			<key>buildActionMask</key>
			<string>2147483647</string>
			<key>files</key>
			<array>
				<string>B2A833ED1815728A00A92DE7</string>
			</array>
			<key>isa</key>
			<string>PBXSourcesBuildPhase</string>
			<key>runOnlyForDeploymentPostprocessing</key>
			<string>0</string>
		</dict>
		<key>B2A833DC1815728A00A92DE7</key>
		<dict>
			<key>buildActionMask</key>
			<string>2147483647</string>
			<key>files</key>
			<array>
				<string>B2A833E11815728A00A92DE7</string>
				<string>B2A833E31815728A00A92DE7</string>
				<string>B2A833E21815728A00A92DE7</string>
			</array>
			<key>isa</key>
			<string>PBXFrameworksBuildPhase</string>
			<key>runOnlyForDeploymentPostprocessing</key>
			<string>0</string>
		</dict>
		<key>B2A833DD1815728A00A92DE7</key>
		<dict>
			<key>buildActionMask</key>
			<string>2147483647</string>
			<key>files</key>
			<array>
				<string>B2A833EB1815728A00A92DE7</string>
			</array>
			<key>isa</key>
			<string>PBXResourcesBuildPhase</string>
			<key>runOnlyForDeploymentPostprocessing</key>
			<string>0</string>
		</dict>
		<key>B2A833DE1815728A00A92DE7</key>
		<dict>
			<key>buildConfigurationList</key>
			<string>B2A833F31815728A00A92DE7</string>
			<key>buildPhases</key>
			<array>
				<string>B2A833DB1815728A00A92DE7</string>
				<string>B2A833DC1815728A00A92DE7</string>
				<string>B2A833DD1815728A00A92DE7</string>
			</array>
			<key>buildRules</key>
			<array/>
			<key>dependencies</key>
			<array>
				<string>B2A833E51815728A00A92DE7</string>
			</array>
			<key>isa</key>
			<string>PBXNativeTarget</string>
			<key>name</key>
			<string>GrowthPushDemoTests</string>
			<key>productName</key>
			<string>GrowthPushDemoTests</string>
			<key>productReference</key>
			<string>B2A833DF1815728A00A92DE7</string>
			<key>productType</key>
			<string>com.apple.product-type.bundle.unit-test</string>
		</dict>
		<key>B2A833DF1815728A00A92DE7</key>
		<dict>
			<key>explicitFileType</key>
			<string>wrapper.cfbundle</string>
			<key>includeInIndex</key>
			<string>0</string>
			<key>isa</key>
			<string>PBXFileReference</string>
			<key>path</key>
			<string>GrowthPushDemoTests.xctest</string>
			<key>sourceTree</key>
			<string>BUILT_PRODUCTS_DIR</string>
		</dict>
		<key>B2A833E01815728A00A92DE7</key>
		<dict>
			<key>isa</key>
			<string>PBXFileReference</string>
			<key>lastKnownFileType</key>
			<string>wrapper.framework</string>
			<key>name</key>
			<string>XCTest.framework</string>
			<key>path</key>
			<string>Library/Frameworks/XCTest.framework</string>
			<key>sourceTree</key>
			<string>DEVELOPER_DIR</string>
		</dict>
		<key>B2A833E11815728A00A92DE7</key>
		<dict>
			<key>fileRef</key>
			<string>B2A833E01815728A00A92DE7</string>
			<key>isa</key>
			<string>PBXBuildFile</string>
		</dict>
		<key>B2A833E21815728A00A92DE7</key>
		<dict>
			<key>fileRef</key>
			<string>B2A833C11815728A00A92DE7</string>
			<key>isa</key>
			<string>PBXBuildFile</string>
		</dict>
		<key>B2A833E31815728A00A92DE7</key>
		<dict>
			<key>fileRef</key>
			<string>B2A833C51815728A00A92DE7</string>
			<key>isa</key>
			<string>PBXBuildFile</string>
		</dict>
		<key>B2A833E41815728A00A92DE7</key>
		<dict>
			<key>containerPortal</key>
			<string>B2A833B61815728900A92DE7</string>
			<key>isa</key>
			<string>PBXContainerItemProxy</string>
			<key>proxyType</key>
			<string>1</string>
			<key>remoteGlobalIDString</key>
			<string>B2A833BD1815728900A92DE7</string>
			<key>remoteInfo</key>
			<string>GrowthPushDemo</string>
		</dict>
		<key>B2A833E51815728A00A92DE7</key>
		<dict>
			<key>isa</key>
			<string>PBXTargetDependency</string>
			<key>target</key>
			<string>B2A833BD1815728900A92DE7</string>
			<key>targetProxy</key>
			<string>B2A833E41815728A00A92DE7</string>
		</dict>
		<key>B2A833E61815728A00A92DE7</key>
		<dict>
			<key>children</key>
			<array>
				<string>B2A833EC1815728A00A92DE7</string>
				<string>B2A833E71815728A00A92DE7</string>
			</array>
			<key>isa</key>
			<string>PBXGroup</string>
			<key>path</key>
			<string>GrowthPushDemoTests</string>
			<key>sourceTree</key>
			<string>&lt;group&gt;</string>
		</dict>
		<key>B2A833E71815728A00A92DE7</key>
		<dict>
			<key>children</key>
			<array>
				<string>B2A833E81815728A00A92DE7</string>
				<string>B2A833E91815728A00A92DE7</string>
			</array>
			<key>isa</key>
			<string>PBXGroup</string>
			<key>name</key>
			<string>Supporting Files</string>
			<key>sourceTree</key>
			<string>&lt;group&gt;</string>
		</dict>
		<key>B2A833E81815728A00A92DE7</key>
		<dict>
			<key>isa</key>
			<string>PBXFileReference</string>
			<key>lastKnownFileType</key>
			<string>text.plist.xml</string>
			<key>path</key>
			<string>GrowthPushDemoTests-Info.plist</string>
			<key>sourceTree</key>
			<string>&lt;group&gt;</string>
		</dict>
		<key>B2A833E91815728A00A92DE7</key>
		<dict>
			<key>children</key>
			<array>
				<string>B2A833EA1815728A00A92DE7</string>
			</array>
			<key>isa</key>
			<string>PBXVariantGroup</string>
			<key>name</key>
			<string>InfoPlist.strings</string>
			<key>sourceTree</key>
			<string>&lt;group&gt;</string>
		</dict>
		<key>B2A833EA1815728A00A92DE7</key>
		<dict>
			<key>isa</key>
			<string>PBXFileReference</string>
			<key>lastKnownFileType</key>
			<string>text.plist.strings</string>
			<key>name</key>
			<string>en</string>
			<key>path</key>
			<string>en.lproj/InfoPlist.strings</string>
			<key>sourceTree</key>
			<string>&lt;group&gt;</string>
		</dict>
		<key>B2A833EB1815728A00A92DE7</key>
		<dict>
			<key>fileRef</key>
			<string>B2A833E91815728A00A92DE7</string>
			<key>isa</key>
			<string>PBXBuildFile</string>
		</dict>
		<key>B2A833EC1815728A00A92DE7</key>
		<dict>
			<key>isa</key>
			<string>PBXFileReference</string>
			<key>lastKnownFileType</key>
			<string>sourcecode.c.objc</string>
			<key>path</key>
			<string>GrowthPushDemoTests.m</string>
			<key>sourceTree</key>
			<string>&lt;group&gt;</string>
		</dict>
		<key>B2A833ED1815728A00A92DE7</key>
		<dict>
			<key>fileRef</key>
			<string>B2A833EC1815728A00A92DE7</string>
			<key>isa</key>
			<string>PBXBuildFile</string>
		</dict>
		<key>B2A833EE1815728A00A92DE7</key>
		<dict>
			<key>buildSettings</key>
			<dict>
				<key>ALWAYS_SEARCH_USER_PATHS</key>
				<string>NO</string>
				<key>ARCHS</key>
				<string>$(ARCHS_STANDARD_INCLUDING_64_BIT)</string>
				<key>CLANG_CXX_LANGUAGE_STANDARD</key>
				<string>gnu++0x</string>
				<key>CLANG_CXX_LIBRARY</key>
				<string>libc++</string>
				<key>CLANG_ENABLE_MODULES</key>
				<string>YES</string>
				<key>CLANG_ENABLE_OBJC_ARC</key>
				<string>YES</string>
				<key>CLANG_WARN_BOOL_CONVERSION</key>
				<string>YES</string>
				<key>CLANG_WARN_CONSTANT_CONVERSION</key>
				<string>YES</string>
				<key>CLANG_WARN_DIRECT_OBJC_ISA_USAGE</key>
				<string>YES_ERROR</string>
				<key>CLANG_WARN_EMPTY_BODY</key>
				<string>YES</string>
				<key>CLANG_WARN_ENUM_CONVERSION</key>
				<string>YES</string>
				<key>CLANG_WARN_INT_CONVERSION</key>
				<string>YES</string>
				<key>CLANG_WARN_OBJC_ROOT_CLASS</key>
				<string>YES_ERROR</string>
				<key>CLANG_WARN__DUPLICATE_METHOD_MATCH</key>
				<string>YES</string>
				<key>CODE_SIGN_IDENTITY[sdk=iphoneos*]</key>
				<string>iPhone Developer</string>
				<key>COPY_PHASE_STRIP</key>
				<string>NO</string>
				<key>GCC_C_LANGUAGE_STANDARD</key>
				<string>gnu99</string>
				<key>GCC_DYNAMIC_NO_PIC</key>
				<string>NO</string>
				<key>GCC_OPTIMIZATION_LEVEL</key>
				<string>0</string>
				<key>GCC_PREPROCESSOR_DEFINITIONS</key>
				<array>
					<string>DEBUG=1</string>
					<string>$(inherited)</string>
				</array>
				<key>GCC_SYMBOLS_PRIVATE_EXTERN</key>
				<string>NO</string>
				<key>GCC_WARN_64_TO_32_BIT_CONVERSION</key>
				<string>YES</string>
				<key>GCC_WARN_ABOUT_RETURN_TYPE</key>
				<string>YES_ERROR</string>
				<key>GCC_WARN_UNDECLARED_SELECTOR</key>
				<string>YES</string>
				<key>GCC_WARN_UNINITIALIZED_AUTOS</key>
				<string>YES</string>
				<key>GCC_WARN_UNUSED_FUNCTION</key>
				<string>YES</string>
				<key>GCC_WARN_UNUSED_VARIABLE</key>
				<string>YES</string>
				<key>IPHONEOS_DEPLOYMENT_TARGET</key>
				<string>5.0</string>
				<key>ONLY_ACTIVE_ARCH</key>
				<string>YES</string>
				<key>SDKROOT</key>
				<string>iphoneos</string>
			</dict>
			<key>isa</key>
			<string>XCBuildConfiguration</string>
			<key>name</key>
			<string>Debug</string>
		</dict>
		<key>B2A833EF1815728A00A92DE7</key>
		<dict>
			<key>buildSettings</key>
			<dict>
				<key>ALWAYS_SEARCH_USER_PATHS</key>
				<string>NO</string>
				<key>ARCHS</key>
				<string>$(ARCHS_STANDARD_INCLUDING_64_BIT)</string>
				<key>CLANG_CXX_LANGUAGE_STANDARD</key>
				<string>gnu++0x</string>
				<key>CLANG_CXX_LIBRARY</key>
				<string>libc++</string>
				<key>CLANG_ENABLE_MODULES</key>
				<string>YES</string>
				<key>CLANG_ENABLE_OBJC_ARC</key>
				<string>YES</string>
				<key>CLANG_WARN_BOOL_CONVERSION</key>
				<string>YES</string>
				<key>CLANG_WARN_CONSTANT_CONVERSION</key>
				<string>YES</string>
				<key>CLANG_WARN_DIRECT_OBJC_ISA_USAGE</key>
				<string>YES_ERROR</string>
				<key>CLANG_WARN_EMPTY_BODY</key>
				<string>YES</string>
				<key>CLANG_WARN_ENUM_CONVERSION</key>
				<string>YES</string>
				<key>CLANG_WARN_INT_CONVERSION</key>
				<string>YES</string>
				<key>CLANG_WARN_OBJC_ROOT_CLASS</key>
				<string>YES_ERROR</string>
				<key>CLANG_WARN__DUPLICATE_METHOD_MATCH</key>
				<string>YES</string>
				<key>CODE_SIGN_IDENTITY[sdk=iphoneos*]</key>
				<string>iPhone Developer</string>
				<key>COPY_PHASE_STRIP</key>
				<string>YES</string>
				<key>ENABLE_NS_ASSERTIONS</key>
				<string>NO</string>
				<key>GCC_C_LANGUAGE_STANDARD</key>
				<string>gnu99</string>
				<key>GCC_WARN_64_TO_32_BIT_CONVERSION</key>
				<string>YES</string>
				<key>GCC_WARN_ABOUT_RETURN_TYPE</key>
				<string>YES_ERROR</string>
				<key>GCC_WARN_UNDECLARED_SELECTOR</key>
				<string>YES</string>
				<key>GCC_WARN_UNINITIALIZED_AUTOS</key>
				<string>YES</string>
				<key>GCC_WARN_UNUSED_FUNCTION</key>
				<string>YES</string>
				<key>GCC_WARN_UNUSED_VARIABLE</key>
				<string>YES</string>
				<key>IPHONEOS_DEPLOYMENT_TARGET</key>
				<string>5.0</string>
				<key>SDKROOT</key>
				<string>iphoneos</string>
				<key>VALIDATE_PRODUCT</key>
				<string>YES</string>
			</dict>
			<key>isa</key>
			<string>XCBuildConfiguration</string>
			<key>name</key>
			<string>Release</string>
		</dict>
		<key>B2A833F01815728A00A92DE7</key>
		<dict>
			<key>buildConfigurations</key>
			<array>
				<string>B2A833F11815728A00A92DE7</string>
				<string>B2A833F21815728A00A92DE7</string>
			</array>
			<key>defaultConfigurationIsVisible</key>
			<string>0</string>
			<key>defaultConfigurationName</key>
			<string>Release</string>
			<key>isa</key>
			<string>XCConfigurationList</string>
		</dict>
		<key>B2A833F11815728A00A92DE7</key>
		<dict>
			<key>buildSettings</key>
			<dict>
				<key>ASSETCATALOG_COMPILER_APPICON_NAME</key>
				<string>AppIcon</string>
				<key>ASSETCATALOG_COMPILER_LAUNCHIMAGE_NAME</key>
				<string>LaunchImage</string>
				<key>FRAMEWORK_SEARCH_PATHS</key>
				<string>$(inherited) $(SRCROOT)</string>
				<key>GCC_PRECOMPILE_PREFIX_HEADER</key>
				<string>YES</string>
				<key>GCC_PREFIX_HEADER</key>
				<string>GrowthPushDemo/GrowthPushDemo-Prefix.pch</string>
				<key>INFOPLIST_FILE</key>
				<string>GrowthPushDemo/GrowthPushDemo-Info.plist</string>
				<key>PRODUCT_NAME</key>
				<string>$(TARGET_NAME)</string>
				<key>WRAPPER_EXTENSION</key>
				<string>app</string>
			</dict>
			<key>isa</key>
			<string>XCBuildConfiguration</string>
			<key>name</key>
			<string>Debug</string>
		</dict>
		<key>B2A833F21815728A00A92DE7</key>
		<dict>
			<key>buildSettings</key>
			<dict>
				<key>ASSETCATALOG_COMPILER_APPICON_NAME</key>
				<string>AppIcon</string>
				<key>ASSETCATALOG_COMPILER_LAUNCHIMAGE_NAME</key>
				<string>LaunchImage</string>
				<key>FRAMEWORK_SEARCH_PATHS</key>
				<string>$(inherited) $(SRCROOT)</string>
				<key>GCC_PRECOMPILE_PREFIX_HEADER</key>
				<string>YES</string>
				<key>GCC_PREFIX_HEADER</key>
				<string>GrowthPushDemo/GrowthPushDemo-Prefix.pch</string>
				<key>INFOPLIST_FILE</key>
				<string>GrowthPushDemo/GrowthPushDemo-Info.plist</string>
				<key>PRODUCT_NAME</key>
				<string>$(TARGET_NAME)</string>
				<key>WRAPPER_EXTENSION</key>
				<string>app</string>
			</dict>
			<key>isa</key>
			<string>XCBuildConfiguration</string>
			<key>name</key>
			<string>Release</string>
		</dict>
		<key>B2A833F31815728A00A92DE7</key>
		<dict>
			<key>buildConfigurations</key>
			<array>
				<string>B2A833F41815728A00A92DE7</string>
				<string>B2A833F51815728A00A92DE7</string>
			</array>
			<key>defaultConfigurationIsVisible</key>
			<string>0</string>
			<key>defaultConfigurationName</key>
			<string>Release</string>
			<key>isa</key>
			<string>XCConfigurationList</string>
		</dict>
		<key>B2A833F41815728A00A92DE7</key>
		<dict>
			<key>buildSettings</key>
			<dict>
				<key>ARCHS</key>
				<string>$(ARCHS_STANDARD_INCLUDING_64_BIT)</string>
				<key>BUNDLE_LOADER</key>
				<string>$(BUILT_PRODUCTS_DIR)/GrowthPushDemo.app/GrowthPushDemo</string>
				<key>FRAMEWORK_SEARCH_PATHS</key>
				<array>
					<string>$(SDKROOT)/Developer/Library/Frameworks</string>
					<string>$(inherited)</string>
					<string>$(DEVELOPER_FRAMEWORKS_DIR)</string>
				</array>
				<key>GCC_PRECOMPILE_PREFIX_HEADER</key>
				<string>YES</string>
				<key>GCC_PREFIX_HEADER</key>
				<string>GrowthPushDemo/GrowthPushDemo-Prefix.pch</string>
				<key>GCC_PREPROCESSOR_DEFINITIONS</key>
				<array>
					<string>DEBUG=1</string>
					<string>$(inherited)</string>
				</array>
				<key>INFOPLIST_FILE</key>
				<string>GrowthPushDemoTests/GrowthPushDemoTests-Info.plist</string>
				<key>PRODUCT_NAME</key>
				<string>$(TARGET_NAME)</string>
				<key>TEST_HOST</key>
				<string>$(BUNDLE_LOADER)</string>
				<key>WRAPPER_EXTENSION</key>
				<string>xctest</string>
			</dict>
			<key>isa</key>
			<string>XCBuildConfiguration</string>
			<key>name</key>
			<string>Debug</string>
		</dict>
		<key>B2A833F51815728A00A92DE7</key>
		<dict>
			<key>buildSettings</key>
			<dict>
				<key>ARCHS</key>
				<string>$(ARCHS_STANDARD_INCLUDING_64_BIT)</string>
				<key>BUNDLE_LOADER</key>
				<string>$(BUILT_PRODUCTS_DIR)/GrowthPushDemo.app/GrowthPushDemo</string>
				<key>FRAMEWORK_SEARCH_PATHS</key>
				<array>
					<string>$(SDKROOT)/Developer/Library/Frameworks</string>
					<string>$(inherited)</string>
					<string>$(DEVELOPER_FRAMEWORKS_DIR)</string>
				</array>
				<key>GCC_PRECOMPILE_PREFIX_HEADER</key>
				<string>YES</string>
				<key>GCC_PREFIX_HEADER</key>
				<string>GrowthPushDemo/GrowthPushDemo-Prefix.pch</string>
				<key>INFOPLIST_FILE</key>
				<string>GrowthPushDemoTests/GrowthPushDemoTests-Info.plist</string>
				<key>PRODUCT_NAME</key>
				<string>$(TARGET_NAME)</string>
				<key>TEST_HOST</key>
				<string>$(BUNDLE_LOADER)</string>
				<key>WRAPPER_EXTENSION</key>
				<string>xctest</string>
			</dict>
			<key>isa</key>
			<string>XCBuildConfiguration</string>
			<key>name</key>
			<string>Release</string>
		</dict>
		<key>C67DEFAAC57744A89AB9B3A4</key>
		<dict>
			<key>isa</key>
			<string>PBXFileReference</string>
			<key>lastKnownFileType</key>
			<string>wrapper.framework</string>
			<key>name</key>
			<string>MobileCoreServices.framework</string>
			<key>path</key>
			<string>Platforms/iPhoneOS.platform/Developer/SDKs/iPhoneOS7.0.sdk/System/Library/Frameworks/MobileCoreServices.framework</string>
			<key>sourceTree</key>
			<string>DEVELOPER_DIR</string>
		</dict>
		<key>F963F33E42F94C18B47B079E</key>
		<dict>
			<key>isa</key>
			<string>PBXFileReference</string>
			<key>lastKnownFileType</key>
			<string>wrapper.framework</string>
			<key>name</key>
			<string>Security.framework</string>
			<key>path</key>
			<string>Platforms/iPhoneOS.platform/Developer/SDKs/iPhoneOS7.0.sdk/System/Library/Frameworks/Security.framework</string>
			<key>sourceTree</key>
			<string>DEVELOPER_DIR</string>
		</dict>
	</dict>
	<key>rootObject</key>
	<string>B2A833B61815728900A92DE7</string>
</dict>
</plist>
